
Microsoft Visual Studio Solution File, Format Version 12.00
# Visual Studio Version 17
VisualStudioVersion = 17.3.32819.101
MinimumVisualStudioVersion = 10.0.40219.1
Project("{8BC9CEB8-8B4A-11D0-8D11-00A0C91BC942}") = "template", "template\template.vcxproj", "{DB8DEDDF-6680-4E89-951E-BDEF28C9929F}"
EndProject
Project("{8BC9CEB8-8B4A-11D0-8D11-00A0C91BC942}") = "2020JanuarBicikla", "2020JanuarBicikla\2020JanuarBicikla.vcxproj", "{2F21173B-E780-462B-907E-F3FB266305EE}"
EndProject
Project("{8BC9CEB8-8B4A-11D0-8D11-00A0C91BC942}") = "2018Kol1Bager", "2018Kol1Bager\2018Kol1Bager.vcxproj", "{34AB7BEA-5D7F-4AE2-9062-3109950996F9}"
EndProject
Project("{8BC9CEB8-8B4A-11D0-8D11-00A0C91BC942}") = "2016SeptembarSat", "2016SeptembarSat\2016SeptembarSat.vcxproj", "{8367E598-7EBF-4D4B-AAD6-9331C1CEFC46}"
EndProject
Project("{8BC9CEB8-8B4A-11D0-8D11-00A0C91BC942}") = "2018JanKobasica", "2018JanKobasica\2018JanKobasica.vcxproj", "{A40D46BB-339E-4BFA-8F17-2E3AF0E9CB95}"
EndProject
Project("{8BC9CEB8-8B4A-11D0-8D11-00A0C91BC942}") = "2018DecembarMozaik", "2018DecembarMozaik\2018DecembarMozaik.vcxproj", "{6DC5492C-76B6-417A-AF8F-9468929D2033}"
EndProject
Project("{8BC9CEB8-8B4A-11D0-8D11-00A0C91BC942}") = "2017AprilRozeta", "2017AprilRozeta\2017AprilRozeta.vcxproj", "{30E7CBCD-4EC4-40B8-9614-F7FC8CF70585}"
EndProject
Project("{8BC9CEB8-8B4A-11D0-8D11-00A0C91BC942}") = "2016Kol1Bilijar", "2016Kol1Bilijar\2016Kol1Bilijar.vcxproj", "{C2981F90-4857-43DB-B00B-AE3E669AEF58}"
EndProject
Project("{8BC9CEB8-8B4A-11D0-8D11-00A0C91BC942}") = "2011OktobarFigura", "2011OktobarFigura\2011OktobarFigura.vcxproj", "{F437D056-DD96-4A03-92F3-B47E3CA3F714}"
EndProject
Project("{8BC9CEB8-8B4A-11D0-8D11-00A0C91BC942}") = "2020JunGrafikaShear", "2020JunGrafikaShear\2020JunGrafikaShear.vcxproj", "{843C8532-5D7F-4A34-AB17-35A12580A63B}"
EndProject
Project("{8BC9CEB8-8B4A-11D0-8D11-00A0C91BC942}") = "2015Jun50Dinara", "2015Jun50Dinara\2015Jun50Dinara.vcxproj", "{F2A6916C-6073-4E56-ABEC-0272C783085D}"
EndProject
Project("{8BC9CEB8-8B4A-11D0-8D11-00A0C91BC942}") = "2019APRMipMap", "2019APRMipMap\2019APRMipMap.vcxproj", "{B0282E49-3D25-45AE-9098-156FF818EAFC}"
EndProject
Project("{8BC9CEB8-8B4A-11D0-8D11-00A0C91BC942}") = "2013AprTablet", "2013AprTablet\2013AprTablet.vcxproj", "{DCEC0A6A-66D8-4656-9E6B-4FE50E6191BB}"
EndProject
Project("{8BC9CEB8-8B4A-11D0-8D11-00A0C91BC942}") = "2017SepPixelResize", "2017SepPixelResize\2017SepPixelResize.vcxproj", "{86E7F573-FC7F-4A0A-9EB5-51448DE58125}"
EndProject
Project("{8BC9CEB8-8B4A-11D0-8D11-00A0C91BC942}") = "2014Kol1Automobil", "2014Kol1Automobil\2014Kol1Automobil.vcxproj", "{8BAAD528-E59E-4B0B-BDA0-C12D6FAD61AA}"
EndProject
Project("{8BC9CEB8-8B4A-11D0-8D11-00A0C91BC942}") = "2020DecembarCOVID19", "2020DecembarCOVID19\2020DecembarCOVID19.vcxproj", "{27919B05-5124-4E4E-B124-BF252530A047}"
EndProject
Project("{8BC9CEB8-8B4A-11D0-8D11-00A0C91BC942}") = "Vezbanje", "Vezbanje\Vezbanje.vcxproj", "{9545B3C0-77A9-4C51-A49D-CFC290A90B81}"
EndProject
Project("{8BC9CEB8-8B4A-11D0-8D11-00A0C91BC942}") = "2019SepCone", "..\2019 SEP (sa resenjem)\2019 SEP Dunster\GDI\MFCApplication1\MFCApplication1.vcxproj", "{6739CB21-1A1E-41F1-B81B-671EA710B30C}"
EndProject
Project("{8BC9CEB8-8B4A-11D0-8D11-00A0C91BC942}") = "2019JanCan", "..\2019 JAN\2019 JAN Dunster\GDI\GDI\GDI.vcxproj", "{6DC35A61-6591-4C3B-9306-48A55F1C1DAC}"
EndProject
Global
	GlobalSection(SolutionConfigurationPlatforms) = preSolution
		Debug|x64 = Debug|x64
		Debug|x86 = Debug|x86
		Release|x64 = Release|x64
		Release|x86 = Release|x86
	EndGlobalSection
	GlobalSection(ProjectConfigurationPlatforms) = postSolution
		{DB8DEDDF-6680-4E89-951E-BDEF28C9929F}.Debug|x64.ActiveCfg = Debug|x64
		{DB8DEDDF-6680-4E89-951E-BDEF28C9929F}.Debug|x64.Build.0 = Debug|x64
		{DB8DEDDF-6680-4E89-951E-BDEF28C9929F}.Debug|x86.ActiveCfg = Debug|Win32
		{DB8DEDDF-6680-4E89-951E-BDEF28C9929F}.Debug|x86.Build.0 = Debug|Win32
		{DB8DEDDF-6680-4E89-951E-BDEF28C9929F}.Release|x64.ActiveCfg = Release|x64
		{DB8DEDDF-6680-4E89-951E-BDEF28C9929F}.Release|x64.Build.0 = Release|x64
		{DB8DEDDF-6680-4E89-951E-BDEF28C9929F}.Release|x86.ActiveCfg = Release|Win32
		{DB8DEDDF-6680-4E89-951E-BDEF28C9929F}.Release|x86.Build.0 = Release|Win32
		{2F21173B-E780-462B-907E-F3FB266305EE}.Debug|x64.ActiveCfg = Debug|x64
		{2F21173B-E780-462B-907E-F3FB266305EE}.Debug|x64.Build.0 = Debug|x64
		{2F21173B-E780-462B-907E-F3FB266305EE}.Debug|x86.ActiveCfg = Debug|Win32
		{2F21173B-E780-462B-907E-F3FB266305EE}.Debug|x86.Build.0 = Debug|Win32
		{2F21173B-E780-462B-907E-F3FB266305EE}.Release|x64.ActiveCfg = Release|x64
		{2F21173B-E780-462B-907E-F3FB266305EE}.Release|x64.Build.0 = Release|x64
		{2F21173B-E780-462B-907E-F3FB266305EE}.Release|x86.ActiveCfg = Release|Win32
		{2F21173B-E780-462B-907E-F3FB266305EE}.Release|x86.Build.0 = Release|Win32
		{34AB7BEA-5D7F-4AE2-9062-3109950996F9}.Debug|x64.ActiveCfg = Debug|x64
		{34AB7BEA-5D7F-4AE2-9062-3109950996F9}.Debug|x64.Build.0 = Debug|x64
		{34AB7BEA-5D7F-4AE2-9062-3109950996F9}.Debug|x86.ActiveCfg = Debug|Win32
		{34AB7BEA-5D7F-4AE2-9062-3109950996F9}.Debug|x86.Build.0 = Debug|Win32
		{34AB7BEA-5D7F-4AE2-9062-3109950996F9}.Release|x64.ActiveCfg = Release|x64
		{34AB7BEA-5D7F-4AE2-9062-3109950996F9}.Release|x64.Build.0 = Release|x64
		{34AB7BEA-5D7F-4AE2-9062-3109950996F9}.Release|x86.ActiveCfg = Release|Win32
		{34AB7BEA-5D7F-4AE2-9062-3109950996F9}.Release|x86.Build.0 = Release|Win32
		{8367E598-7EBF-4D4B-AAD6-9331C1CEFC46}.Debug|x64.ActiveCfg = Debug|x64
		{8367E598-7EBF-4D4B-AAD6-9331C1CEFC46}.Debug|x64.Build.0 = Debug|x64
		{8367E598-7EBF-4D4B-AAD6-9331C1CEFC46}.Debug|x86.ActiveCfg = Debug|Win32
		{8367E598-7EBF-4D4B-AAD6-9331C1CEFC46}.Debug|x86.Build.0 = Debug|Win32
		{8367E598-7EBF-4D4B-AAD6-9331C1CEFC46}.Release|x64.ActiveCfg = Release|x64
		{8367E598-7EBF-4D4B-AAD6-9331C1CEFC46}.Release|x64.Build.0 = Release|x64
		{8367E598-7EBF-4D4B-AAD6-9331C1CEFC46}.Release|x86.ActiveCfg = Release|Win32
		{8367E598-7EBF-4D4B-AAD6-9331C1CEFC46}.Release|x86.Build.0 = Release|Win32
		{A40D46BB-339E-4BFA-8F17-2E3AF0E9CB95}.Debug|x64.ActiveCfg = Debug|x64
		{A40D46BB-339E-4BFA-8F17-2E3AF0E9CB95}.Debug|x64.Build.0 = Debug|x64
		{A40D46BB-339E-4BFA-8F17-2E3AF0E9CB95}.Debug|x86.ActiveCfg = Debug|Win32
		{A40D46BB-339E-4BFA-8F17-2E3AF0E9CB95}.Debug|x86.Build.0 = Debug|Win32
		{A40D46BB-339E-4BFA-8F17-2E3AF0E9CB95}.Release|x64.ActiveCfg = Release|x64
		{A40D46BB-339E-4BFA-8F17-2E3AF0E9CB95}.Release|x64.Build.0 = Release|x64
		{A40D46BB-339E-4BFA-8F17-2E3AF0E9CB95}.Release|x86.ActiveCfg = Release|Win32
		{A40D46BB-339E-4BFA-8F17-2E3AF0E9CB95}.Release|x86.Build.0 = Release|Win32
		{6DC5492C-76B6-417A-AF8F-9468929D2033}.Debug|x64.ActiveCfg = Debug|x64
		{6DC5492C-76B6-417A-AF8F-9468929D2033}.Debug|x64.Build.0 = Debug|x64
		{6DC5492C-76B6-417A-AF8F-9468929D2033}.Debug|x86.ActiveCfg = Debug|Win32
		{6DC5492C-76B6-417A-AF8F-9468929D2033}.Debug|x86.Build.0 = Debug|Win32
		{6DC5492C-76B6-417A-AF8F-9468929D2033}.Release|x64.ActiveCfg = Release|x64
		{6DC5492C-76B6-417A-AF8F-9468929D2033}.Release|x64.Build.0 = Release|x64
		{6DC5492C-76B6-417A-AF8F-9468929D2033}.Release|x86.ActiveCfg = Release|Win32
		{6DC5492C-76B6-417A-AF8F-9468929D2033}.Release|x86.Build.0 = Release|Win32
		{30E7CBCD-4EC4-40B8-9614-F7FC8CF70585}.Debug|x64.ActiveCfg = Debug|x64
		{30E7CBCD-4EC4-40B8-9614-F7FC8CF70585}.Debug|x64.Build.0 = Debug|x64
		{30E7CBCD-4EC4-40B8-9614-F7FC8CF70585}.Debug|x86.ActiveCfg = Debug|Win32
		{30E7CBCD-4EC4-40B8-9614-F7FC8CF70585}.Debug|x86.Build.0 = Debug|Win32
		{30E7CBCD-4EC4-40B8-9614-F7FC8CF70585}.Release|x64.ActiveCfg = Release|x64
		{30E7CBCD-4EC4-40B8-9614-F7FC8CF70585}.Release|x64.Build.0 = Release|x64
		{30E7CBCD-4EC4-40B8-9614-F7FC8CF70585}.Release|x86.ActiveCfg = Release|Win32
		{30E7CBCD-4EC4-40B8-9614-F7FC8CF70585}.Release|x86.Build.0 = Release|Win32
		{C2981F90-4857-43DB-B00B-AE3E669AEF58}.Debug|x64.ActiveCfg = Debug|x64
		{C2981F90-4857-43DB-B00B-AE3E669AEF58}.Debug|x64.Build.0 = Debug|x64
		{C2981F90-4857-43DB-B00B-AE3E669AEF58}.Debug|x86.ActiveCfg = Debug|Win32
		{C2981F90-4857-43DB-B00B-AE3E669AEF58}.Debug|x86.Build.0 = Debug|Win32
		{C2981F90-4857-43DB-B00B-AE3E669AEF58}.Release|x64.ActiveCfg = Release|x64
		{C2981F90-4857-43DB-B00B-AE3E669AEF58}.Release|x64.Build.0 = Release|x64
		{C2981F90-4857-43DB-B00B-AE3E669AEF58}.Release|x86.ActiveCfg = Release|Win32
		{C2981F90-4857-43DB-B00B-AE3E669AEF58}.Release|x86.Build.0 = Release|Win32
		{F437D056-DD96-4A03-92F3-B47E3CA3F714}.Debug|x64.ActiveCfg = Debug|x64
		{F437D056-DD96-4A03-92F3-B47E3CA3F714}.Debug|x64.Build.0 = Debug|x64
		{F437D056-DD96-4A03-92F3-B47E3CA3F714}.Debug|x86.ActiveCfg = Debug|Win32
		{F437D056-DD96-4A03-92F3-B47E3CA3F714}.Debug|x86.Build.0 = Debug|Win32
		{F437D056-DD96-4A03-92F3-B47E3CA3F714}.Release|x64.ActiveCfg = Release|x64
		{F437D056-DD96-4A03-92F3-B47E3CA3F714}.Release|x64.Build.0 = Release|x64
		{F437D056-DD96-4A03-92F3-B47E3CA3F714}.Release|x86.ActiveCfg = Release|Win32
		{F437D056-DD96-4A03-92F3-B47E3CA3F714}.Release|x86.Build.0 = Release|Win32
		{843C8532-5D7F-4A34-AB17-35A12580A63B}.Debug|x64.ActiveCfg = Debug|x64
		{843C8532-5D7F-4A34-AB17-35A12580A63B}.Debug|x64.Build.0 = Debug|x64
		{843C8532-5D7F-4A34-AB17-35A12580A63B}.Debug|x86.ActiveCfg = Debug|Win32
		{843C8532-5D7F-4A34-AB17-35A12580A63B}.Debug|x86.Build.0 = Debug|Win32
		{843C8532-5D7F-4A34-AB17-35A12580A63B}.Release|x64.ActiveCfg = Release|x64
		{843C8532-5D7F-4A34-AB17-35A12580A63B}.Release|x64.Build.0 = Release|x64
		{843C8532-5D7F-4A34-AB17-35A12580A63B}.Release|x86.ActiveCfg = Release|Win32
		{843C8532-5D7F-4A34-AB17-35A12580A63B}.Release|x86.Build.0 = Release|Win32
		{F2A6916C-6073-4E56-ABEC-0272C783085D}.Debug|x64.ActiveCfg = Debug|x64
		{F2A6916C-6073-4E56-ABEC-0272C783085D}.Debug|x64.Build.0 = Debug|x64
		{F2A6916C-6073-4E56-ABEC-0272C783085D}.Debug|x86.ActiveCfg = Debug|Win32
		{F2A6916C-6073-4E56-ABEC-0272C783085D}.Debug|x86.Build.0 = Debug|Win32
		{F2A6916C-6073-4E56-ABEC-0272C783085D}.Release|x64.ActiveCfg = Release|x64
		{F2A6916C-6073-4E56-ABEC-0272C783085D}.Release|x64.Build.0 = Release|x64
		{F2A6916C-6073-4E56-ABEC-0272C783085D}.Release|x86.ActiveCfg = Release|Win32
		{F2A6916C-6073-4E56-ABEC-0272C783085D}.Release|x86.Build.0 = Release|Win32
		{B0282E49-3D25-45AE-9098-156FF818EAFC}.Debug|x64.ActiveCfg = Debug|x64
		{B0282E49-3D25-45AE-9098-156FF818EAFC}.Debug|x64.Build.0 = Debug|x64
		{B0282E49-3D25-45AE-9098-156FF818EAFC}.Debug|x86.ActiveCfg = Debug|Win32
		{B0282E49-3D25-45AE-9098-156FF818EAFC}.Debug|x86.Build.0 = Debug|Win32
		{B0282E49-3D25-45AE-9098-156FF818EAFC}.Release|x64.ActiveCfg = Release|x64
		{B0282E49-3D25-45AE-9098-156FF818EAFC}.Release|x64.Build.0 = Release|x64
		{B0282E49-3D25-45AE-9098-156FF818EAFC}.Release|x86.ActiveCfg = Release|Win32
		{B0282E49-3D25-45AE-9098-156FF818EAFC}.Release|x86.Build.0 = Release|Win32
		{DCEC0A6A-66D8-4656-9E6B-4FE50E6191BB}.Debug|x64.ActiveCfg = Debug|x64
		{DCEC0A6A-66D8-4656-9E6B-4FE50E6191BB}.Debug|x64.Build.0 = Debug|x64
		{DCEC0A6A-66D8-4656-9E6B-4FE50E6191BB}.Debug|x86.ActiveCfg = Debug|Win32
		{DCEC0A6A-66D8-4656-9E6B-4FE50E6191BB}.Debug|x86.Build.0 = Debug|Win32
		{DCEC0A6A-66D8-4656-9E6B-4FE50E6191BB}.Release|x64.ActiveCfg = Release|x64
		{DCEC0A6A-66D8-4656-9E6B-4FE50E6191BB}.Release|x64.Build.0 = Release|x64
		{DCEC0A6A-66D8-4656-9E6B-4FE50E6191BB}.Release|x86.ActiveCfg = Release|Win32
		{DCEC0A6A-66D8-4656-9E6B-4FE50E6191BB}.Release|x86.Build.0 = Release|Win32
		{86E7F573-FC7F-4A0A-9EB5-51448DE58125}.Debug|x64.ActiveCfg = Debug|x64
		{86E7F573-FC7F-4A0A-9EB5-51448DE58125}.Debug|x64.Build.0 = Debug|x64
		{86E7F573-FC7F-4A0A-9EB5-51448DE58125}.Debug|x86.ActiveCfg = Debug|Win32
		{86E7F573-FC7F-4A0A-9EB5-51448DE58125}.Debug|x86.Build.0 = Debug|Win32
		{86E7F573-FC7F-4A0A-9EB5-51448DE58125}.Release|x64.ActiveCfg = Release|x64
		{86E7F573-FC7F-4A0A-9EB5-51448DE58125}.Release|x64.Build.0 = Release|x64
		{86E7F573-FC7F-4A0A-9EB5-51448DE58125}.Release|x86.ActiveCfg = Release|Win32
		{86E7F573-FC7F-4A0A-9EB5-51448DE58125}.Release|x86.Build.0 = Release|Win32
		{8BAAD528-E59E-4B0B-BDA0-C12D6FAD61AA}.Debug|x64.ActiveCfg = Debug|x64
		{8BAAD528-E59E-4B0B-BDA0-C12D6FAD61AA}.Debug|x64.Build.0 = Debug|x64
		{8BAAD528-E59E-4B0B-BDA0-C12D6FAD61AA}.Debug|x86.ActiveCfg = Debug|Win32
		{8BAAD528-E59E-4B0B-BDA0-C12D6FAD61AA}.Debug|x86.Build.0 = Debug|Win32
		{8BAAD528-E59E-4B0B-BDA0-C12D6FAD61AA}.Release|x64.ActiveCfg = Release|x64
		{8BAAD528-E59E-4B0B-BDA0-C12D6FAD61AA}.Release|x64.Build.0 = Release|x64
		{8BAAD528-E59E-4B0B-BDA0-C12D6FAD61AA}.Release|x86.ActiveCfg = Release|Win32
		{8BAAD528-E59E-4B0B-BDA0-C12D6FAD61AA}.Release|x86.Build.0 = Release|Win32
		{27919B05-5124-4E4E-B124-BF252530A047}.Debug|x64.ActiveCfg = Debug|x64
		{27919B05-5124-4E4E-B124-BF252530A047}.Debug|x64.Build.0 = Debug|x64
		{27919B05-5124-4E4E-B124-BF252530A047}.Debug|x86.ActiveCfg = Debug|Win32
		{27919B05-5124-4E4E-B124-BF252530A047}.Debug|x86.Build.0 = Debug|Win32
		{27919B05-5124-4E4E-B124-BF252530A047}.Release|x64.ActiveCfg = Release|x64
		{27919B05-5124-4E4E-B124-BF252530A047}.Release|x64.Build.0 = Release|x64
		{27919B05-5124-4E4E-B124-BF252530A047}.Release|x86.ActiveCfg = Release|Win32
		{27919B05-5124-4E4E-B124-BF252530A047}.Release|x86.Build.0 = Release|Win32
		{9545B3C0-77A9-4C51-A49D-CFC290A90B81}.Debug|x64.ActiveCfg = Debug|x64
		{9545B3C0-77A9-4C51-A49D-CFC290A90B81}.Debug|x64.Build.0 = Debug|x64
		{9545B3C0-77A9-4C51-A49D-CFC290A90B81}.Debug|x86.ActiveCfg = Debug|Win32
		{9545B3C0-77A9-4C51-A49D-CFC290A90B81}.Debug|x86.Build.0 = Debug|Win32
		{9545B3C0-77A9-4C51-A49D-CFC290A90B81}.Release|x64.ActiveCfg = Release|x64
		{9545B3C0-77A9-4C51-A49D-CFC290A90B81}.Release|x64.Build.0 = Release|x64
		{9545B3C0-77A9-4C51-A49D-CFC290A90B81}.Release|x86.ActiveCfg = Release|Win32
		{9545B3C0-77A9-4C51-A49D-CFC290A90B81}.Release|x86.Build.0 = Release|Win32
		{6739CB21-1A1E-41F1-B81B-671EA710B30C}.Debug|x64.ActiveCfg = Debug|x64
		{6739CB21-1A1E-41F1-B81B-671EA710B30C}.Debug|x64.Build.0 = Debug|x64
		{6739CB21-1A1E-41F1-B81B-671EA710B30C}.Debug|x86.ActiveCfg = Debug|Win32
		{6739CB21-1A1E-41F1-B81B-671EA710B30C}.Debug|x86.Build.0 = Debug|Win32
		{6739CB21-1A1E-41F1-B81B-671EA710B30C}.Release|x64.ActiveCfg = Release|x64
		{6739CB21-1A1E-41F1-B81B-671EA710B30C}.Release|x64.Build.0 = Release|x64
		{6739CB21-1A1E-41F1-B81B-671EA710B30C}.Release|x86.ActiveCfg = Release|Win32
		{6739CB21-1A1E-41F1-B81B-671EA710B30C}.Release|x86.Build.0 = Release|Win32
		{6DC35A61-6591-4C3B-9306-48A55F1C1DAC}.Debug|x64.ActiveCfg = Debug|x64
		{6DC35A61-6591-4C3B-9306-48A55F1C1DAC}.Debug|x64.Build.0 = Debug|x64
		{6DC35A61-6591-4C3B-9306-48A55F1C1DAC}.Debug|x86.ActiveCfg = Debug|Win32
		{6DC35A61-6591-4C3B-9306-48A55F1C1DAC}.Debug|x86.Build.0 = Debug|Win32
		{6DC35A61-6591-4C3B-9306-48A55F1C1DAC}.Release|x64.ActiveCfg = Release|x64
		{6DC35A61-6591-4C3B-9306-48A55F1C1DAC}.Release|x64.Build.0 = Release|x64
		{6DC35A61-6591-4C3B-9306-48A55F1C1DAC}.Release|x86.ActiveCfg = Release|Win32
		{6DC35A61-6591-4C3B-9306-48A55F1C1DAC}.Release|x86.Build.0 = Release|Win32
	EndGlobalSection
	GlobalSection(SolutionProperties) = preSolution
		HideSolutionNode = FALSE
	EndGlobalSection
	GlobalSection(ExtensibilityGlobals) = postSolution
		SolutionGuid = {91B9335B-3CAB-4775-9185-766719A3206A}
	EndGlobalSection
EndGlobal
