
Microsoft Visual Studio Solution File, Format Version 12.00
# Visual Studio Version 16
VisualStudioVersion = 16.0.30907.101
MinimumVisualStudioVersion = 10.0.40219.1
Project("{8BC9CEB8-8B4A-11D0-8D11-00A0C91BC942}") = "GDI", "GDI\GDI.vcxproj", "{6DC35A61-6591-4C3B-9306-48A55F1C1DAC}"
EndProject
Global
	GlobalSection(SolutionConfigurationPlatforms) = preSolution
		Debug|x64 = Debug|x64
		Debug|x86 = Debug|x86
		Release|x64 = Release|x64
		Release|x86 = Release|x86
	EndGlobalSection
	GlobalSection(ProjectConfigurationPlatforms) = postSolution
		{6DC35A61-6591-4C3B-9306-48A55F1C1DAC}.Debug|x64.ActiveCfg = Debug|x64
		{6DC35A61-6591-4C3B-9306-48A55F1C1DAC}.Debug|x64.Build.0 = Debug|x64
		{6DC35A61-6591-4C3B-9306-48A55F1C1DAC}.Debug|x86.ActiveCfg = Debug|Win32
		{6DC35A61-6591-4C3B-9306-48A55F1C1DAC}.Debug|x86.Build.0 = Debug|Win32
		{6DC35A61-6591-4C3B-9306-48A55F1C1DAC}.Release|x64.ActiveCfg = Release|x64
		{6DC35A61-6591-4C3B-9306-48A55F1C1DAC}.Release|x64.Build.0 = Release|x64
		{6DC35A61-6591-4C3B-9306-48A55F1C1DAC}.Release|x86.ActiveCfg = Release|Win32
		{6DC35A61-6591-4C3B-9306-48A55F1C1DAC}.Release|x86.Build.0 = Release|Win32
	EndGlobalSection
	GlobalSection(SolutionProperties) = preSolution
		HideSolutionNode = FALSE
	EndGlobalSection
	GlobalSection(ExtensibilityGlobals) = postSolution
		SolutionGuid = {EF5BFE95-ECCA-4659-9414-A4616DEC4F8E}
	EndGlobalSection
EndGlobal
